
Microsoft Visual Studio Solution File, Format Version 12.00
# Visual Studio Version 17
VisualStudioVersion = 17.10.35027.167
MinimumVisualStudioVersion = 10.0.40219.1
Project("{FAE04EC0-301F-11D3-BF4B-00C04F79EFBC}") = "projeto231224e231223", "projeto231224e231223\projeto231224e231223.csproj", "{A9DB6DBE-1361-444D-8F7A-A758F492B4DD}"
EndProject
Global
	GlobalSection(SolutionConfigurationPlatforms) = preSolution
		Debug|Any CPU = Debug|Any CPU
		Release|Any CPU = Release|Any CPU
	EndGlobalSection
	GlobalSection(ProjectConfigurationPlatforms) = postSolution
		{A9DB6DBE-1361-444D-8F7A-A758F492B4DD}.Debug|Any CPU.ActiveCfg = Debug|Any CPU
		{A9DB6DBE-1361-444D-8F7A-A758F492B4DD}.Debug|Any CPU.Build.0 = Debug|Any CPU
		{A9DB6DBE-1361-444D-8F7A-A758F492B4DD}.Release|Any CPU.ActiveCfg = Release|Any CPU
		{A9DB6DBE-1361-444D-8F7A-A758F492B4DD}.Release|Any CPU.Build.0 = Release|Any CPU
	EndGlobalSection
	GlobalSection(SolutionProperties) = preSolution
		HideSolutionNode = FALSE
	EndGlobalSection
	GlobalSection(ExtensibilityGlobals) = postSolution
		SolutionGuid = {A39BB433-6041-4817-A8D1-8B227F1CCD46}
	EndGlobalSection
EndGlobal
